
Microsoft Visual Studio Solution File, Format Version 12.00
# Visual Studio Version 17
VisualStudioVersion = 17.9.34622.214
MinimumVisualStudioVersion = 10.0.40219.1
Project("{FAE04EC0-301F-11D3-BF4B-00C04F79EFBC}") = "user-crud-asp.net", "user-crud-asp.net\user-crud-asp.net.csproj", "{AF1B49B6-A90A-442C-A5C6-41943D500B18}"
EndProject
Global
	GlobalSection(SolutionConfigurationPlatforms) = preSolution
		Debug|Any CPU = Debug|Any CPU
		Release|Any CPU = Release|Any CPU
	EndGlobalSection
	GlobalSection(ProjectConfigurationPlatforms) = postSolution
		{AF1B49B6-A90A-442C-A5C6-41943D500B18}.Debug|Any CPU.ActiveCfg = Debug|Any CPU
		{AF1B49B6-A90A-442C-A5C6-41943D500B18}.Debug|Any CPU.Build.0 = Debug|Any CPU
		{AF1B49B6-A90A-442C-A5C6-41943D500B18}.Release|Any CPU.ActiveCfg = Release|Any CPU
		{AF1B49B6-A90A-442C-A5C6-41943D500B18}.Release|Any CPU.Build.0 = Release|Any CPU
	EndGlobalSection
	GlobalSection(SolutionProperties) = preSolution
		HideSolutionNode = FALSE
	EndGlobalSection
	GlobalSection(ExtensibilityGlobals) = postSolution
		SolutionGuid = {4EAEA60E-77B4-43DB-A9BA-12E9C967CF63}
	EndGlobalSection
EndGlobal
